// !$*UTF8*$!
{
	archiveVersion = 1;
	classes = {
	};
	objectVersion = 56;
	objects = {

/* Begin PBXBuildFile section */
		F9BE91692EAA2D98007329CE /* SwiftUI_SculpturesnWarehouseApp.swift in Sources */ = {isa = PBXBuildFile; fileRef = F9BE91682EAA2D98007329CE /* SwiftUI_SculpturesnWarehouseApp.swift */; };
		F9BE916B2EAA2D98007329CE /* ContentView.swift in Sources */ = {isa = PBXBuildFile; fileRef = F9BE916A2EAA2D98007329CE /* ContentView.swift */; };
		F9BE916D2EAA2D9F007329CE /* Assets.xcassets in Resources */ = {isa = PBXBuildFile; fileRef = F9BE916C2EAA2D9F007329CE /* Assets.xcassets */; };
		F9BE91702EAA2D9F007329CE /* Preview Assets.xcassets in Resources */ = {isa = PBXBuildFile; fileRef = F9BE916F2EAA2D9F007329CE /* Preview Assets.xcassets */; };
		F9BE917A2EAA2D9F007329CE /* SwiftUI_SculpturesnWarehouseTests.swift in Sources */ = {isa = PBXBuildFile; fileRef = F9BE91792EAA2D9F007329CE /* SwiftUI_SculpturesnWarehouseTests.swift */; };
		F9BE91842EAA2D9F007329CE /* SwiftUI_SculpturesnWarehouseUITests.swift in Sources */ = {isa = PBXBuildFile; fileRef = F9BE91832EAA2D9F007329CE /* SwiftUI_SculpturesnWarehouseUITests.swift */; };
		F9BE91862EAA2D9F007329CE /* SwiftUI_SculpturesnWarehouseUITestsLaunchTests.swift in Sources */ = {isa = PBXBuildFile; fileRef = F9BE91852EAA2D9F007329CE /* SwiftUI_SculpturesnWarehouseUITestsLaunchTests.swift */; };
		F9BE91932EAA2DF2007329CE /* README.md in Resources */ = {isa = PBXBuildFile; fileRef = F9BE91922EAA2DF2007329CE /* README.md */; };
		F9BE91942EAA2DF2007329CE /* README.md in Resources */ = {isa = PBXBuildFile; fileRef = F9BE91922EAA2DF2007329CE /* README.md */; };
		F9BE91952EAA2DF2007329CE /* README.md in Resources */ = {isa = PBXBuildFile; fileRef = F9BE91922EAA2DF2007329CE /* README.md */; };
		F9BE91992EAA2F47007329CE /* Sculpture.swift in Sources */ = {isa = PBXBuildFile; fileRef = F9BE91982EAA2F47007329CE /* Sculpture.swift */; };
		F9BE919A2EAA2F47007329CE /* Sculpture.swift in Sources */ = {isa = PBXBuildFile; fileRef = F9BE91982EAA2F47007329CE /* Sculpture.swift */; };
		F9BE919B2EAA2F47007329CE /* Sculpture.swift in Sources */ = {isa = PBXBuildFile; fileRef = F9BE91982EAA2F47007329CE /* Sculpture.swift */; };
		F9BE919D2EAA2F8C007329CE /* Warehouse.swift in Sources */ = {isa = PBXBuildFile; fileRef = F9BE919C2EAA2F8C007329CE /* Warehouse.swift */; };
		F9BE919E2EAA2F8C007329CE /* Warehouse.swift in Sources */ = {isa = PBXBuildFile; fileRef = F9BE919C2EAA2F8C007329CE /* Warehouse.swift */; };
		F9BE919F2EAA2F8C007329CE /* Warehouse.swift in Sources */ = {isa = PBXBuildFile; fileRef = F9BE919C2EAA2F8C007329CE /* Warehouse.swift */; };
		F9BE91A12EAA2FBA007329CE /* SculptureView.swift in Sources */ = {isa = PBXBuildFile; fileRef = F9BE91A02EAA2FBA007329CE /* SculptureView.swift */; };
		F9BE91A22EAA2FBA007329CE /* SculptureView.swift in Sources */ = {isa = PBXBuildFile; fileRef = F9BE91A02EAA2FBA007329CE /* SculptureView.swift */; };
		F9BE91A32EAA2FBA007329CE /* SculptureView.swift in Sources */ = {isa = PBXBuildFile; fileRef = F9BE91A02EAA2FBA007329CE /* SculptureView.swift */; };
/* End PBXBuildFile section */

/* Begin PBXContainerItemProxy section */
		F9BE91762EAA2D9F007329CE /* PBXContainerItemProxy */ = {
			isa = PBXContainerItemProxy;
			containerPortal = F9BE915D2EAA2D97007329CE /* Project object */;
			proxyType = 1;
			remoteGlobalIDString = F9BE91642EAA2D98007329CE;
			remoteInfo = "SwiftUI-SculpturesnWarehouse";
		};
		F9BE91802EAA2D9F007329CE /* PBXContainerItemProxy */ = {
			isa = PBXContainerItemProxy;
			containerPortal = F9BE915D2EAA2D97007329CE /* Project object */;
			proxyType = 1;
			remoteGlobalIDString = F9BE91642EAA2D98007329CE;
			remoteInfo = "SwiftUI-SculpturesnWarehouse";
		};
/* End PBXContainerItemProxy section */

/* Begin PBXFileReference section */
		F9BE91652EAA2D98007329CE /* SwiftUI-SculpturesnWarehouse.app */ = {isa = PBXFileReference; explicitFileType = wrapper.application; includeInIndex = 0; path = "SwiftUI-SculpturesnWarehouse.app"; sourceTree = BUILT_PRODUCTS_DIR; };
		F9BE91682EAA2D98007329CE /* SwiftUI_SculpturesnWarehouseApp.swift */ = {isa = PBXFileReference; lastKnownFileType = sourcecode.swift; path = SwiftUI_SculpturesnWarehouseApp.swift; sourceTree = "<group>"; };
		F9BE916A2EAA2D98007329CE /* ContentView.swift */ = {isa = PBXFileReference; lastKnownFileType = sourcecode.swift; path = ContentView.swift; sourceTree = "<group>"; };
		F9BE916C2EAA2D9F007329CE /* Assets.xcassets */ = {isa = PBXFileReference; lastKnownFileType = folder.assetcatalog; path = Assets.xcassets; sourceTree = "<group>"; };
		F9BE916F2EAA2D9F007329CE /* Preview Assets.xcassets */ = {isa = PBXFileReference; lastKnownFileType = folder.assetcatalog; path = "Preview Assets.xcassets"; sourceTree = "<group>"; };
		F9BE91752EAA2D9F007329CE /* SwiftUI-SculpturesnWarehouseTests.xctest */ = {isa = PBXFileReference; explicitFileType = wrapper.cfbundle; includeInIndex = 0; path = "SwiftUI-SculpturesnWarehouseTests.xctest"; sourceTree = BUILT_PRODUCTS_DIR; };
		F9BE91792EAA2D9F007329CE /* SwiftUI_SculpturesnWarehouseTests.swift */ = {isa = PBXFileReference; lastKnownFileType = sourcecode.swift; path = SwiftUI_SculpturesnWarehouseTests.swift; sourceTree = "<group>"; };
		F9BE917F2EAA2D9F007329CE /* SwiftUI-SculpturesnWarehouseUITests.xctest */ = {isa = PBXFileReference; explicitFileType = wrapper.cfbundle; includeInIndex = 0; path = "SwiftUI-SculpturesnWarehouseUITests.xctest"; sourceTree = BUILT_PRODUCTS_DIR; };
		F9BE91832EAA2D9F007329CE /* SwiftUI_SculpturesnWarehouseUITests.swift */ = {isa = PBXFileReference; lastKnownFileType = sourcecode.swift; path = SwiftUI_SculpturesnWarehouseUITests.swift; sourceTree = "<group>"; };
		F9BE91852EAA2D9F007329CE /* SwiftUI_SculpturesnWarehouseUITestsLaunchTests.swift */ = {isa = PBXFileReference; lastKnownFileType = sourcecode.swift; path = SwiftUI_SculpturesnWarehouseUITestsLaunchTests.swift; sourceTree = "<group>"; };
		F9BE91922EAA2DF2007329CE /* README.md */ = {isa = PBXFileReference; lastKnownFileType = net.daringfireball.markdown; path = README.md; sourceTree = "<group>"; };
		F9BE91982EAA2F47007329CE /* Sculpture.swift */ = {isa = PBXFileReference; lastKnownFileType = sourcecode.swift; path = Sculpture.swift; sourceTree = "<group>"; };
		F9BE919C2EAA2F8C007329CE /* Warehouse.swift */ = {isa = PBXFileReference; lastKnownFileType = sourcecode.swift; path = Warehouse.swift; sourceTree = "<group>"; };
		F9BE91A02EAA2FBA007329CE /* SculptureView.swift */ = {isa = PBXFileReference; lastKnownFileType = sourcecode.swift; path = SculptureView.swift; sourceTree = "<group>"; };
/* End PBXFileReference section */

/* Begin PBXFrameworksBuildPhase section */
		F9BE91622EAA2D98007329CE /* Frameworks */ = {
			isa = PBXFrameworksBuildPhase;
			buildActionMask = 2147483647;
			files = (
			);
			runOnlyForDeploymentPostprocessing = 0;
		};
		F9BE91722EAA2D9F007329CE /* Frameworks */ = {
			isa = PBXFrameworksBuildPhase;
			buildActionMask = 2147483647;
			files = (
			);
			runOnlyForDeploymentPostprocessing = 0;
		};
		F9BE917C2EAA2D9F007329CE /* Frameworks */ = {
			isa = PBXFrameworksBuildPhase;
			buildActionMask = 2147483647;
			files = (
			);
			runOnlyForDeploymentPostprocessing = 0;
		};
/* End PBXFrameworksBuildPhase section */

/* Begin PBXGroup section */
		F9BE915C2EAA2D97007329CE = {
			isa = PBXGroup;
			children = (
				F9BE91922EAA2DF2007329CE /* README.md */,
				F9BE91672EAA2D98007329CE /* SwiftUI-SculpturesnWarehouse */,
				F9BE91782EAA2D9F007329CE /* SwiftUI-SculpturesnWarehouseTests */,
				F9BE91822EAA2D9F007329CE /* SwiftUI-SculpturesnWarehouseUITests */,
				F9BE91662EAA2D98007329CE /* Products */,
			);
			sourceTree = "<group>";
		};
		F9BE91662EAA2D98007329CE /* Products */ = {
			isa = PBXGroup;
			children = (
				F9BE91652EAA2D98007329CE /* SwiftUI-SculpturesnWarehouse.app */,
				F9BE91752EAA2D9F007329CE /* SwiftUI-SculpturesnWarehouseTests.xctest */,
				F9BE917F2EAA2D9F007329CE /* SwiftUI-SculpturesnWarehouseUITests.xctest */,
			);
			name = Products;
			sourceTree = "<group>";
		};
		F9BE91672EAA2D98007329CE /* SwiftUI-SculpturesnWarehouse */ = {
			isa = PBXGroup;
			children = (
				F9BE91972EAA2EEF007329CE /* View */,
				F9BE91962EAA2EDF007329CE /* Model */,
				F9BE91682EAA2D98007329CE /* SwiftUI_SculpturesnWarehouseApp.swift */,
				F9BE916A2EAA2D98007329CE /* ContentView.swift */,
				F9BE916C2EAA2D9F007329CE /* Assets.xcassets */,
				F9BE916E2EAA2D9F007329CE /* Preview Content */,
			);
			path = "SwiftUI-SculpturesnWarehouse";
			sourceTree = "<group>";
		};
		F9BE916E2EAA2D9F007329CE /* Preview Content */ = {
			isa = PBXGroup;
			children = (
				F9BE916F2EAA2D9F007329CE /* Preview Assets.xcassets */,
			);
			path = "Preview Content";
			sourceTree = "<group>";
		};
		F9BE91782EAA2D9F007329CE /* SwiftUI-SculpturesnWarehouseTests */ = {
			isa = PBXGroup;
			children = (
				F9BE91792EAA2D9F007329CE /* SwiftUI_SculpturesnWarehouseTests.swift */,
			);
			path = "SwiftUI-SculpturesnWarehouseTests";
			sourceTree = "<group>";
		};
		F9BE91822EAA2D9F007329CE /* SwiftUI-SculpturesnWarehouseUITests */ = {
			isa = PBXGroup;
			children = (
				F9BE91832EAA2D9F007329CE /* SwiftUI_SculpturesnWarehouseUITests.swift */,
				F9BE91852EAA2D9F007329CE /* SwiftUI_SculpturesnWarehouseUITestsLaunchTests.swift */,
			);
			path = "SwiftUI-SculpturesnWarehouseUITests";
			sourceTree = "<group>";
		};
		F9BE91962EAA2EDF007329CE /* Model */ = {
			isa = PBXGroup;
			children = (
				F9BE91982EAA2F47007329CE /* Sculpture.swift */,
				F9BE919C2EAA2F8C007329CE /* Warehouse.swift */,
			);
			path = Model;
			sourceTree = "<group>";
		};
		F9BE91972EAA2EEF007329CE /* View */ = {
			isa = PBXGroup;
			children = (
				F9BE91A02EAA2FBA007329CE /* SculptureView.swift */,
			);
			path = View;
			sourceTree = "<group>";
		};
/* End PBXGroup section */

/* Begin PBXNativeTarget section */
		F9BE91642EAA2D98007329CE /* SwiftUI-SculpturesnWarehouse */ = {
			isa = PBXNativeTarget;
			buildConfigurationList = F9BE91892EAA2D9F007329CE /* Build configuration list for PBXNativeTarget "SwiftUI-SculpturesnWarehouse" */;
			buildPhases = (
				F9BE91612EAA2D98007329CE /* Sources */,
				F9BE91622EAA2D98007329CE /* Frameworks */,
				F9BE91632EAA2D98007329CE /* Resources */,
			);
			buildRules = (
			);
			dependencies = (
			);
			name = "SwiftUI-SculpturesnWarehouse";
			productName = "SwiftUI-SculpturesnWarehouse";
			productReference = F9BE91652EAA2D98007329CE /* SwiftUI-SculpturesnWarehouse.app */;
			productType = "com.apple.product-type.application";
		};
		F9BE91742EAA2D9F007329CE /* SwiftUI-SculpturesnWarehouseTests */ = {
			isa = PBXNativeTarget;
			buildConfigurationList = F9BE918C2EAA2D9F007329CE /* Build configuration list for PBXNativeTarget "SwiftUI-SculpturesnWarehouseTests" */;
			buildPhases = (
				F9BE91712EAA2D9F007329CE /* Sources */,
				F9BE91722EAA2D9F007329CE /* Frameworks */,
				F9BE91732EAA2D9F007329CE /* Resources */,
			);
			buildRules = (
			);
			dependencies = (
				F9BE91772EAA2D9F007329CE /* PBXTargetDependency */,
			);
			name = "SwiftUI-SculpturesnWarehouseTests";
			productName = "SwiftUI-SculpturesnWarehouseTests";
			productReference = F9BE91752EAA2D9F007329CE /* SwiftUI-SculpturesnWarehouseTests.xctest */;
			productType = "com.apple.product-type.bundle.unit-test";
		};
		F9BE917E2EAA2D9F007329CE /* SwiftUI-SculpturesnWarehouseUITests */ = {
			isa = PBXNativeTarget;
			buildConfigurationList = F9BE918F2EAA2D9F007329CE /* Build configuration list for PBXNativeTarget "SwiftUI-SculpturesnWarehouseUITests" */;
			buildPhases = (
				F9BE917B2EAA2D9F007329CE /* Sources */,
				F9BE917C2EAA2D9F007329CE /* Frameworks */,
				F9BE917D2EAA2D9F007329CE /* Resources */,
			);
			buildRules = (
			);
			dependencies = (
				F9BE91812EAA2D9F007329CE /* PBXTargetDependency */,
			);
			name = "SwiftUI-SculpturesnWarehouseUITests";
			productName = "SwiftUI-SculpturesnWarehouseUITests";
			productReference = F9BE917F2EAA2D9F007329CE /* SwiftUI-SculpturesnWarehouseUITests.xctest */;
			productType = "com.apple.product-type.bundle.ui-testing";
		};
/* End PBXNativeTarget section */

/* Begin PBXProject section */
		F9BE915D2EAA2D97007329CE /* Project object */ = {
			isa = PBXProject;
			attributes = {
				BuildIndependentTargetsInParallel = 1;
				LastSwiftUpdateCheck = 1420;
				LastUpgradeCheck = 1420;
				TargetAttributes = {
					F9BE91642EAA2D98007329CE = {
						CreatedOnToolsVersion = 14.2;
					};
					F9BE91742EAA2D9F007329CE = {
						CreatedOnToolsVersion = 14.2;
						TestTargetID = F9BE91642EAA2D98007329CE;
					};
					F9BE917E2EAA2D9F007329CE = {
						CreatedOnToolsVersion = 14.2;
						TestTargetID = F9BE91642EAA2D98007329CE;
					};
				};
			};
			buildConfigurationList = F9BE91602EAA2D98007329CE /* Build configuration list for PBXProject "SwiftUI-SculpturesnWarehouse" */;
			compatibilityVersion = "Xcode 14.0";
			developmentRegion = en;
			hasScannedForEncodings = 0;
			knownRegions = (
				en,
				Base,
			);
			mainGroup = F9BE915C2EAA2D97007329CE;
			productRefGroup = F9BE91662EAA2D98007329CE /* Products */;
			projectDirPath = "";
			projectRoot = "";
			targets = (
				F9BE91642EAA2D98007329CE /* SwiftUI-SculpturesnWarehouse */,
				F9BE91742EAA2D9F007329CE /* SwiftUI-SculpturesnWarehouseTests */,
				F9BE917E2EAA2D9F007329CE /* SwiftUI-SculpturesnWarehouseUITests */,
			);
		};
/* End PBXProject section */

/* Begin PBXResourcesBuildPhase section */
		F9BE91632EAA2D98007329CE /* Resources */ = {
			isa = PBXResourcesBuildPhase;
			buildActionMask = 2147483647;
			files = (
				F9BE91932EAA2DF2007329CE /* README.md in Resources */,
				F9BE91702EAA2D9F007329CE /* Preview Assets.xcassets in Resources */,
				F9BE916D2EAA2D9F007329CE /* Assets.xcassets in Resources */,
			);
			runOnlyForDeploymentPostprocessing = 0;
		};
		F9BE91732EAA2D9F007329CE /* Resources */ = {
			isa = PBXResourcesBuildPhase;
			buildActionMask = 2147483647;
			files = (
				F9BE91942EAA2DF2007329CE /* README.md in Resources */,
			);
			runOnlyForDeploymentPostprocessing = 0;
		};
		F9BE917D2EAA2D9F007329CE /* Resources */ = {
			isa = PBXResourcesBuildPhase;
			buildActionMask = 2147483647;
			files = (
				F9BE91952EAA2DF2007329CE /* README.md in Resources */,
			);
			runOnlyForDeploymentPostprocessing = 0;
		};
/* End PBXResourcesBuildPhase section */

/* Begin PBXSourcesBuildPhase section */
		F9BE91612EAA2D98007329CE /* Sources */ = {
			isa = PBXSourcesBuildPhase;
			buildActionMask = 2147483647;
			files = (
				F9BE916B2EAA2D98007329CE /* ContentView.swift in Sources */,
				F9BE919D2EAA2F8C007329CE /* Warehouse.swift in Sources */,
				F9BE91692EAA2D98007329CE /* SwiftUI_SculpturesnWarehouseApp.swift in Sources */,
				F9BE91A12EAA2FBA007329CE /* SculptureView.swift in Sources */,
				F9BE91992EAA2F47007329CE /* Sculpture.swift in Sources */,
			);
			runOnlyForDeploymentPostprocessing = 0;
		};
		F9BE91712EAA2D9F007329CE /* Sources */ = {
			isa = PBXSourcesBuildPhase;
			buildActionMask = 2147483647;
			files = (
				F9BE91A22EAA2FBA007329CE /* SculptureView.swift in Sources */,
				F9BE917A2EAA2D9F007329CE /* SwiftUI_SculpturesnWarehouseTests.swift in Sources */,
				F9BE919E2EAA2F8C007329CE /* Warehouse.swift in Sources */,
				F9BE919A2EAA2F47007329CE /* Sculpture.swift in Sources */,
			);
			runOnlyForDeploymentPostprocessing = 0;
		};
		F9BE917B2EAA2D9F007329CE /* Sources */ = {
			isa = PBXSourcesBuildPhase;
			buildActionMask = 2147483647;
			files = (
				F9BE91842EAA2D9F007329CE /* SwiftUI_SculpturesnWarehouseUITests.swift in Sources */,
				F9BE919F2EAA2F8C007329CE /* Warehouse.swift in Sources */,
				F9BE91862EAA2D9F007329CE /* SwiftUI_SculpturesnWarehouseUITestsLaunchTests.swift in Sources */,
				F9BE91A32EAA2FBA007329CE /* SculptureView.swift in Sources */,
				F9BE919B2EAA2F47007329CE /* Sculpture.swift in Sources */,
			);
			runOnlyForDeploymentPostprocessing = 0;
		};
/* End PBXSourcesBuildPhase section */

/* Begin PBXTargetDependency section */
		F9BE91772EAA2D9F007329CE /* PBXTargetDependency */ = {
			isa = PBXTargetDependency;
			target = F9BE91642EAA2D98007329CE /* SwiftUI-SculpturesnWarehouse */;
			targetProxy = F9BE91762EAA2D9F007329CE /* PBXContainerItemProxy */;
		};
		F9BE91812EAA2D9F007329CE /* PBXTargetDependency */ = {
			isa = PBXTargetDependency;
			target = F9BE91642EAA2D98007329CE /* SwiftUI-SculpturesnWarehouse */;
			targetProxy = F9BE91802EAA2D9F007329CE /* PBXContainerItemProxy */;
		};
/* End PBXTargetDependency section */

/* Begin XCBuildConfiguration section */
		F9BE91872EAA2D9F007329CE /* Debug */ = {
			isa = XCBuildConfiguration;
			buildSettings = {
				ALWAYS_SEARCH_USER_PATHS = NO;
				CLANG_ANALYZER_NONNULL = YES;
				CLANG_ANALYZER_NUMBER_OBJECT_CONVERSION = YES_AGGRESSIVE;
				CLANG_CXX_LANGUAGE_STANDARD = "gnu++20";
				CLANG_ENABLE_MODULES = YES;
				CLANG_ENABLE_OBJC_ARC = YES;
				CLANG_ENABLE_OBJC_WEAK = YES;
				CLANG_WARN_BLOCK_CAPTURE_AUTORELEASING = YES;
				CLANG_WARN_BOOL_CONVERSION = YES;
				CLANG_WARN_COMMA = YES;
				CLANG_WARN_CONSTANT_CONVERSION = YES;
				CLANG_WARN_DEPRECATED_OBJC_IMPLEMENTATIONS = YES;
				CLANG_WARN_DIRECT_OBJC_ISA_USAGE = YES_ERROR;
				CLANG_WARN_DOCUMENTATION_COMMENTS = YES;
				CLANG_WARN_EMPTY_BODY = YES;
				CLANG_WARN_ENUM_CONVERSION = YES;
				CLANG_WARN_INFINITE_RECURSION = YES;
				CLANG_WARN_INT_CONVERSION = YES;
				CLANG_WARN_NON_LITERAL_NULL_CONVERSION = YES;
				CLANG_WARN_OBJC_IMPLICIT_RETAIN_SELF = YES;
				CLANG_WARN_OBJC_LITERAL_CONVERSION = YES;
				CLANG_WARN_OBJC_ROOT_CLASS = YES_ERROR;
				CLANG_WARN_QUOTED_INCLUDE_IN_FRAMEWORK_HEADER = YES;
				CLANG_WARN_RANGE_LOOP_ANALYSIS = YES;
				CLANG_WARN_STRICT_PROTOTYPES = YES;
				CLANG_WARN_SUSPICIOUS_MOVE = YES;
				CLANG_WARN_UNGUARDED_AVAILABILITY = YES_AGGRESSIVE;
				CLANG_WARN_UNREACHABLE_CODE = YES;
				CLANG_WARN__DUPLICATE_METHOD_MATCH = YES;
				COPY_PHASE_STRIP = NO;
				DEBUG_INFORMATION_FORMAT = dwarf;
				ENABLE_STRICT_OBJC_MSGSEND = YES;
				ENABLE_TESTABILITY = YES;
				GCC_C_LANGUAGE_STANDARD = gnu11;
				GCC_DYNAMIC_NO_PIC = NO;
				GCC_NO_COMMON_BLOCKS = YES;
				GCC_OPTIMIZATION_LEVEL = 0;
				GCC_PREPROCESSOR_DEFINITIONS = (
					"DEBUG=1",
					"$(inherited)",
				);
				GCC_WARN_64_TO_32_BIT_CONVERSION = YES;
				GCC_WARN_ABOUT_RETURN_TYPE = YES_ERROR;
				GCC_WARN_UNDECLARED_SELECTOR = YES;
				GCC_WARN_UNINITIALIZED_AUTOS = YES_AGGRESSIVE;
				GCC_WARN_UNUSED_FUNCTION = YES;
				GCC_WARN_UNUSED_VARIABLE = YES;
				IPHONEOS_DEPLOYMENT_TARGET = 16.2;
				MTL_ENABLE_DEBUG_INFO = INCLUDE_SOURCE;
				MTL_FAST_MATH = YES;
				ONLY_ACTIVE_ARCH = YES;
				SDKROOT = iphoneos;
				SWIFT_ACTIVE_COMPILATION_CONDITIONS = DEBUG;
				SWIFT_OPTIMIZATION_LEVEL = "-Onone";
			};
			name = Debug;
		};
		F9BE91882EAA2D9F007329CE /* Release */ = {
			isa = XCBuildConfiguration;
			buildSettings = {
				ALWAYS_SEARCH_USER_PATHS = NO;
				CLANG_ANALYZER_NONNULL = YES;
				CLANG_ANALYZER_NUMBER_OBJECT_CONVERSION = YES_AGGRESSIVE;
				CLANG_CXX_LANGUAGE_STANDARD = "gnu++20";
				CLANG_ENABLE_MODULES = YES;
				CLANG_ENABLE_OBJC_ARC = YES;
				CLANG_ENABLE_OBJC_WEAK = YES;
				CLANG_WARN_BLOCK_CAPTURE_AUTORELEASING = YES;
				CLANG_WARN_BOOL_CONVERSION = YES;
				CLANG_WARN_COMMA = YES;
				CLANG_WARN_CONSTANT_CONVERSION = YES;
				CLANG_WARN_DEPRECATED_OBJC_IMPLEMENTATIONS = YES;
				CLANG_WARN_DIRECT_OBJC_ISA_USAGE = YES_ERROR;
				CLANG_WARN_DOCUMENTATION_COMMENTS = YES;
				CLANG_WARN_EMPTY_BODY = YES;
				CLANG_WARN_ENUM_CONVERSION = YES;
				CLANG_WARN_INFINITE_RECURSION = YES;
				CLANG_WARN_INT_CONVERSION = YES;
				CLANG_WARN_NON_LITERAL_NULL_CONVERSION = YES;
				CLANG_WARN_OBJC_IMPLICIT_RETAIN_SELF = YES;
				CLANG_WARN_OBJC_LITERAL_CONVERSION = YES;
				CLANG_WARN_OBJC_ROOT_CLASS = YES_ERROR;
				CLANG_WARN_QUOTED_INCLUDE_IN_FRAMEWORK_HEADER = YES;
				CLANG_WARN_RANGE_LOOP_ANALYSIS = YES;
				CLANG_WARN_STRICT_PROTOTYPES = YES;
				CLANG_WARN_SUSPICIOUS_MOVE = YES;
				CLANG_WARN_UNGUARDED_AVAILABILITY = YES_AGGRESSIVE;
				CLANG_WARN_UNREACHABLE_CODE = YES;
				CLANG_WARN__DUPLICATE_METHOD_MATCH = YES;
				COPY_PHASE_STRIP = NO;
				DEBUG_INFORMATION_FORMAT = "dwarf-with-dsym";
				ENABLE_NS_ASSERTIONS = NO;
				ENABLE_STRICT_OBJC_MSGSEND = YES;
				GCC_C_LANGUAGE_STANDARD = gnu11;
				GCC_NO_COMMON_BLOCKS = YES;
				GCC_WARN_64_TO_32_BIT_CONVERSION = YES;
				GCC_WARN_ABOUT_RETURN_TYPE = YES_ERROR;
				GCC_WARN_UNDECLARED_SELECTOR = YES;
				GCC_WARN_UNINITIALIZED_AUTOS = YES_AGGRESSIVE;
				GCC_WARN_UNUSED_FUNCTION = YES;
				GCC_WARN_UNUSED_VARIABLE = YES;
				IPHONEOS_DEPLOYMENT_TARGET = 16.2;
				MTL_ENABLE_DEBUG_INFO = NO;
				MTL_FAST_MATH = YES;
				SDKROOT = iphoneos;
				SWIFT_COMPILATION_MODE = wholemodule;
				SWIFT_OPTIMIZATION_LEVEL = "-O";
				VALIDATE_PRODUCT = YES;
			};
			name = Release;
		};
		F9BE918A2EAA2D9F007329CE /* Debug */ = {
			isa = XCBuildConfiguration;
			buildSettings = {
				ASSETCATALOG_COMPILER_APPICON_NAME = AppIcon;
				ASSETCATALOG_COMPILER_GLOBAL_ACCENT_COLOR_NAME = AccentColor;
				CODE_SIGN_STYLE = Automatic;
				CURRENT_PROJECT_VERSION = 1;
				DEVELOPMENT_ASSET_PATHS = "\"SwiftUI-SculpturesnWarehouse/Preview Content\"";
				DEVELOPMENT_TEAM = T987R78467;
				ENABLE_PREVIEWS = YES;
				GENERATE_INFOPLIST_FILE = YES;
				INFOPLIST_KEY_UIApplicationSceneManifest_Generation = YES;
				INFOPLIST_KEY_UIApplicationSupportsIndirectInputEvents = YES;
				INFOPLIST_KEY_UILaunchScreen_Generation = YES;
				INFOPLIST_KEY_UISupportedInterfaceOrientations_iPad = "UIInterfaceOrientationPortrait UIInterfaceOrientationPortraitUpsideDown UIInterfaceOrientationLandscapeLeft UIInterfaceOrientationLandscapeRight";
				INFOPLIST_KEY_UISupportedInterfaceOrientations_iPhone = "UIInterfaceOrientationPortrait UIInterfaceOrientationLandscapeLeft UIInterfaceOrientationLandscapeRight";
				LD_RUNPATH_SEARCH_PATHS = (
					"$(inherited)",
					"@executable_path/Frameworks",
				);
				MARKETING_VERSION = 1.0;
				PRODUCT_BUNDLE_IDENTIFIER = "com.test.SwiftUI-SculpturesnWarehouse";
				PRODUCT_NAME = "$(TARGET_NAME)";
				SWIFT_EMIT_LOC_STRINGS = YES;
				SWIFT_VERSION = 5.0;
				TARGETED_DEVICE_FAMILY = "1,2";
			};
			name = Debug;
		};
		F9BE918B2EAA2D9F007329CE /* Release */ = {
			isa = XCBuildConfiguration;
			buildSettings = {
				ASSETCATALOG_COMPILER_APPICON_NAME = AppIcon;
				ASSETCATALOG_COMPILER_GLOBAL_ACCENT_COLOR_NAME = AccentColor;
				CODE_SIGN_STYLE = Automatic;
				CURRENT_PROJECT_VERSION = 1;
				DEVELOPMENT_ASSET_PATHS = "\"SwiftUI-SculpturesnWarehouse/Preview Content\"";
				DEVELOPMENT_TEAM = T987R78467;
				ENABLE_PREVIEWS = YES;
				GENERATE_INFOPLIST_FILE = YES;
				INFOPLIST_KEY_UIApplicationSceneManifest_Generation = YES;
				INFOPLIST_KEY_UIApplicationSupportsIndirectInputEvents = YES;
				INFOPLIST_KEY_UILaunchScreen_Generation = YES;
				INFOPLIST_KEY_UISupportedInterfaceOrientations_iPad = "UIInterfaceOrientationPortrait UIInterfaceOrientationPortraitUpsideDown UIInterfaceOrientationLandscapeLeft UIInterfaceOrientationLandscapeRight";
				INFOPLIST_KEY_UISupportedInterfaceOrientations_iPhone = "UIInterfaceOrientationPortrait UIInterfaceOrientationLandscapeLeft UIInterfaceOrientationLandscapeRight";
				LD_RUNPATH_SEARCH_PATHS = (
					"$(inherited)",
					"@executable_path/Frameworks",
				);
				MARKETING_VERSION = 1.0;
				PRODUCT_BUNDLE_IDENTIFIER = "com.test.SwiftUI-SculpturesnWarehouse";
				PRODUCT_NAME = "$(TARGET_NAME)";
				SWIFT_EMIT_LOC_STRINGS = YES;
				SWIFT_VERSION = 5.0;
				TARGETED_DEVICE_FAMILY = "1,2";
			};
			name = Release;
		};
		F9BE918D2EAA2D9F007329CE /* Debug */ = {
			isa = XCBuildConfiguration;
			buildSettings = {
				ALWAYS_EMBED_SWIFT_STANDARD_LIBRARIES = YES;
				BUNDLE_LOADER = "$(TEST_HOST)";
				CODE_SIGN_STYLE = Automatic;
				CURRENT_PROJECT_VERSION = 1;
				DEVELOPMENT_TEAM = T987R78467;
				GENERATE_INFOPLIST_FILE = YES;
				IPHONEOS_DEPLOYMENT_TARGET = 16.2;
				MARKETING_VERSION = 1.0;
				PRODUCT_BUNDLE_IDENTIFIER = "com.test.SwiftUI-SculpturesnWarehouseTests";
				PRODUCT_NAME = "$(TARGET_NAME)";
				SWIFT_EMIT_LOC_STRINGS = NO;
				SWIFT_VERSION = 5.0;
				TARGETED_DEVICE_FAMILY = "1,2";
				TEST_HOST = "$(BUILT_PRODUCTS_DIR)/SwiftUI-SculpturesnWarehouse.app/$(BUNDLE_EXECUTABLE_FOLDER_PATH)/SwiftUI-SculpturesnWarehouse";
			};
			name = Debug;
		};
		F9BE918E2EAA2D9F007329CE /* Release */ = {
			isa = XCBuildConfiguration;
			buildSettings = {
				ALWAYS_EMBED_SWIFT_STANDARD_LIBRARIES = YES;
				BUNDLE_LOADER = "$(TEST_HOST)";
				CODE_SIGN_STYLE = Automatic;
				CURRENT_PROJECT_VERSION = 1;
				DEVELOPMENT_TEAM = T987R78467;
				GENERATE_INFOPLIST_FILE = YES;
				IPHONEOS_DEPLOYMENT_TARGET = 16.2;
				MARKETING_VERSION = 1.0;
				PRODUCT_BUNDLE_IDENTIFIER = "com.test.SwiftUI-SculpturesnWarehouseTests";
				PRODUCT_NAME = "$(TARGET_NAME)";
				SWIFT_EMIT_LOC_STRINGS = NO;
				SWIFT_VERSION = 5.0;
				TARGETED_DEVICE_FAMILY = "1,2";
				TEST_HOST = "$(BUILT_PRODUCTS_DIR)/SwiftUI-SculpturesnWarehouse.app/$(BUNDLE_EXECUTABLE_FOLDER_PATH)/SwiftUI-SculpturesnWarehouse";
			};
			name = Release;
		};
		F9BE91902EAA2D9F007329CE /* Debug */ = {
			isa = XCBuildConfiguration;
			buildSettings = {
				ALWAYS_EMBED_SWIFT_STANDARD_LIBRARIES = YES;
				CODE_SIGN_STYLE = Automatic;
				CURRENT_PROJECT_VERSION = 1;
				DEVELOPMENT_TEAM = T987R78467;
				GENERATE_INFOPLIST_FILE = YES;
				MARKETING_VERSION = 1.0;
				PRODUCT_BUNDLE_IDENTIFIER = "com.test.SwiftUI-SculpturesnWarehouseUITests";
				PRODUCT_NAME = "$(TARGET_NAME)";
				SWIFT_EMIT_LOC_STRINGS = NO;
				SWIFT_VERSION = 5.0;
				TARGETED_DEVICE_FAMILY = "1,2";
				TEST_TARGET_NAME = "SwiftUI-SculpturesnWarehouse";
			};
			name = Debug;
		};
		F9BE91912EAA2D9F007329CE /* Release */ = {
			isa = XCBuildConfiguration;
			buildSettings = {
				ALWAYS_EMBED_SWIFT_STANDARD_LIBRARIES = YES;
				CODE_SIGN_STYLE = Automatic;
				CURRENT_PROJECT_VERSION = 1;
				DEVELOPMENT_TEAM = T987R78467;
				GENERATE_INFOPLIST_FILE = YES;
				MARKETING_VERSION = 1.0;
				PRODUCT_BUNDLE_IDENTIFIER = "com.test.SwiftUI-SculpturesnWarehouseUITests";
				PRODUCT_NAME = "$(TARGET_NAME)";
				SWIFT_EMIT_LOC_STRINGS = NO;
				SWIFT_VERSION = 5.0;
				TARGETED_DEVICE_FAMILY = "1,2";
				TEST_TARGET_NAME = "SwiftUI-SculpturesnWarehouse";
			};
			name = Release;
		};
/* End XCBuildConfiguration section */

/* Begin XCConfigurationList section */
		F9BE91602EAA2D98007329CE /* Build configuration list for PBXProject "SwiftUI-SculpturesnWarehouse" */ = {
			isa = XCConfigurationList;
			buildConfigurations = (
				F9BE91872EAA2D9F007329CE /* Debug */,
				F9BE91882EAA2D9F007329CE /* Release */,
			);
			defaultConfigurationIsVisible = 0;
			defaultConfigurationName = Release;
		};
		F9BE91892EAA2D9F007329CE /* Build configuration list for PBXNativeTarget "SwiftUI-SculpturesnWarehouse" */ = {
			isa = XCConfigurationList;
			buildConfigurations = (
				F9BE918A2EAA2D9F007329CE /* Debug */,
				F9BE918B2EAA2D9F007329CE /* Release */,
			);
			defaultConfigurationIsVisible = 0;
			defaultConfigurationName = Release;
		};
		F9BE918C2EAA2D9F007329CE /* Build configuration list for PBXNativeTarget "SwiftUI-SculpturesnWarehouseTests" */ = {
			isa = XCConfigurationList;
			buildConfigurations = (
				F9BE918D2EAA2D9F007329CE /* Debug */,
				F9BE918E2EAA2D9F007329CE /* Release */,
			);
			defaultConfigurationIsVisible = 0;
			defaultConfigurationName = Release;
		};
		F9BE918F2EAA2D9F007329CE /* Build configuration list for PBXNativeTarget "SwiftUI-SculpturesnWarehouseUITests" */ = {
			isa = XCConfigurationList;
			buildConfigurations = (
				F9BE91902EAA2D9F007329CE /* Debug */,
				F9BE91912EAA2D9F007329CE /* Release */,
			);
			defaultConfigurationIsVisible = 0;
			defaultConfigurationName = Release;
		};
/* End XCConfigurationList section */
	};
	rootObject = F9BE915D2EAA2D97007329CE /* Project object */;
}
